
Microsoft Visual Studio Solution File, Format Version 12.00
# Visual Studio Version 17
VisualStudioVersion = 17.1.32414.318
MinimumVisualStudioVersion = 10.0.40219.1
Project("{9A19103F-16F7-4668-BE54-9A1E7A4F7556}") = "OCR", "OCR\OCR.csproj", "{443CD483-71B3-4246-A440-CC8F552F5BFC}"
EndProject
Project("{FAE04EC0-301F-11D3-BF4B-00C04F79EFBC}") = "OCR.Tests", "OCR.Tests\OCR.Tests.csproj", "{E63EF847-31DD-4898-89E7-D7496BCBB5E1}"
EndProject
Global
	GlobalSection(SolutionConfigurationPlatforms) = preSolution
		Debug|Any CPU = Debug|Any CPU
		Release|Any CPU = Release|Any CPU
	EndGlobalSection
	GlobalSection(ProjectConfigurationPlatforms) = postSolution
		{443CD483-71B3-4246-A440-CC8F552F5BFC}.Debug|Any CPU.ActiveCfg = Debug|Any CPU
		{443CD483-71B3-4246-A440-CC8F552F5BFC}.Debug|Any CPU.Build.0 = Debug|Any CPU
		{443CD483-71B3-4246-A440-CC8F552F5BFC}.Release|Any CPU.ActiveCfg = Release|Any CPU
		{443CD483-71B3-4246-A440-CC8F552F5BFC}.Release|Any CPU.Build.0 = Release|Any CPU
		{E63EF847-31DD-4898-89E7-D7496BCBB5E1}.Debug|Any CPU.ActiveCfg = Debug|Any CPU
		{E63EF847-31DD-4898-89E7-D7496BCBB5E1}.Debug|Any CPU.Build.0 = Debug|Any CPU
		{E63EF847-31DD-4898-89E7-D7496BCBB5E1}.Release|Any CPU.ActiveCfg = Release|Any CPU
		{E63EF847-31DD-4898-89E7-D7496BCBB5E1}.Release|Any CPU.Build.0 = Release|Any CPU
	EndGlobalSection
	GlobalSection(SolutionProperties) = preSolution
		HideSolutionNode = FALSE
	EndGlobalSection
	GlobalSection(ExtensibilityGlobals) = postSolution
		SolutionGuid = {203E7E90-7503-41D4-9D0B-ACF8CC87E8B3}
	EndGlobalSection
EndGlobal
